
Microsoft Visual Studio Solution File, Format Version 12.00
# Visual Studio Version 16
VisualStudioVersion = 16.0.32106.194
MinimumVisualStudioVersion = 10.0.40219.1
Project("{FAE04EC0-301F-11D3-BF4B-00C04F79EFBC}") = "FunctionsReturnAndArraysFromFile", "FunctionsReturnAndArraysFromFile\FunctionsReturnAndArraysFromFile.csproj", "{26BA8953-0AC3-4ECC-BBF9-91B0125E969E}"
EndProject
Project("{FAE04EC0-301F-11D3-BF4B-00C04F79EFBC}") = "FridayNightRandom", "FridayNightRandom\FridayNightRandom.csproj", "{84F59D2A-95A7-4E13-B360-1482D2351166}"
EndProject
Project("{FAE04EC0-301F-11D3-BF4B-00C04F79EFBC}") = "FridayNightRandomReturn", "FridayNightRandomReturn\FridayNightRandomReturn.csproj", "{6CC5C6BD-6007-42AB-8643-F4FF478FCB89}"
EndProject
Project("{FAE04EC0-301F-11D3-BF4B-00C04F79EFBC}") = "PickRandomFromFile", "PickRandomFromFile\PickRandomFromFile.csproj", "{C790BAEC-1DA8-4058-A1A7-8CD210E9C382}"
EndProject
Project("{FAE04EC0-301F-11D3-BF4B-00C04F79EFBC}") = "ChuckNorris", "ChuckNorris\ChuckNorris.csproj", "{43DCECD2-A001-4D16-B865-318381A2F9B4}"
EndProject
Global
	GlobalSection(SolutionConfigurationPlatforms) = preSolution
		Debug|Any CPU = Debug|Any CPU
		Release|Any CPU = Release|Any CPU
	EndGlobalSection
	GlobalSection(ProjectConfigurationPlatforms) = postSolution
		{26BA8953-0AC3-4ECC-BBF9-91B0125E969E}.Debug|Any CPU.ActiveCfg = Debug|Any CPU
		{26BA8953-0AC3-4ECC-BBF9-91B0125E969E}.Debug|Any CPU.Build.0 = Debug|Any CPU
		{26BA8953-0AC3-4ECC-BBF9-91B0125E969E}.Release|Any CPU.ActiveCfg = Release|Any CPU
		{26BA8953-0AC3-4ECC-BBF9-91B0125E969E}.Release|Any CPU.Build.0 = Release|Any CPU
		{84F59D2A-95A7-4E13-B360-1482D2351166}.Debug|Any CPU.ActiveCfg = Debug|Any CPU
		{84F59D2A-95A7-4E13-B360-1482D2351166}.Debug|Any CPU.Build.0 = Debug|Any CPU
		{84F59D2A-95A7-4E13-B360-1482D2351166}.Release|Any CPU.ActiveCfg = Release|Any CPU
		{84F59D2A-95A7-4E13-B360-1482D2351166}.Release|Any CPU.Build.0 = Release|Any CPU
		{6CC5C6BD-6007-42AB-8643-F4FF478FCB89}.Debug|Any CPU.ActiveCfg = Debug|Any CPU
		{6CC5C6BD-6007-42AB-8643-F4FF478FCB89}.Debug|Any CPU.Build.0 = Debug|Any CPU
		{6CC5C6BD-6007-42AB-8643-F4FF478FCB89}.Release|Any CPU.ActiveCfg = Release|Any CPU
		{6CC5C6BD-6007-42AB-8643-F4FF478FCB89}.Release|Any CPU.Build.0 = Release|Any CPU
		{C790BAEC-1DA8-4058-A1A7-8CD210E9C382}.Debug|Any CPU.ActiveCfg = Debug|Any CPU
		{C790BAEC-1DA8-4058-A1A7-8CD210E9C382}.Debug|Any CPU.Build.0 = Debug|Any CPU
		{C790BAEC-1DA8-4058-A1A7-8CD210E9C382}.Release|Any CPU.ActiveCfg = Release|Any CPU
		{C790BAEC-1DA8-4058-A1A7-8CD210E9C382}.Release|Any CPU.Build.0 = Release|Any CPU
		{43DCECD2-A001-4D16-B865-318381A2F9B4}.Debug|Any CPU.ActiveCfg = Debug|Any CPU
		{43DCECD2-A001-4D16-B865-318381A2F9B4}.Debug|Any CPU.Build.0 = Debug|Any CPU
		{43DCECD2-A001-4D16-B865-318381A2F9B4}.Release|Any CPU.ActiveCfg = Release|Any CPU
		{43DCECD2-A001-4D16-B865-318381A2F9B4}.Release|Any CPU.Build.0 = Release|Any CPU
	EndGlobalSection
	GlobalSection(SolutionProperties) = preSolution
		HideSolutionNode = FALSE
	EndGlobalSection
	GlobalSection(ExtensibilityGlobals) = postSolution
		SolutionGuid = {8648E14E-C891-48F1-B251-8D1D4E30344A}
	EndGlobalSection
EndGlobal
